<?xml version="1.0" encoding="utf-8"?>
<Project ToolsVersion="4.0" xmlns="http://schemas.microsoft.com/developer/msbuild/2003">
  <ItemGroup>
    <Filter Include="Source Files">
      <UniqueIdentifier>{4FC737F1-C7A5-4376-A066-2A32D752A2FF}</UniqueIdentifier>
      <Extensions>cpp;c;cc;cxx;c++;cppm;ixx;def;odl;idl;hpj;bat;asm;asmx</Extensions>
    </Filter>
    <Filter Include="Header Files">
      <UniqueIdentifier>{93995380-89BD-4b04-88EB-625FBE52EBFB}</UniqueIdentifier>
      <Extensions>h;hh;hpp;hxx;h++;hm;inl;inc;ipp;xsd</Extensions>
    </Filter>
    <Filter Include="Resource Files">
      <UniqueIdentifier>{67DA6AB6-F800-4c08-8B7A-83BB121AAD01}</UniqueIdentifier>
      <Extensions>rc;ico;cur;bmp;dlg;rc2;rct;bin;rgs;gif;jpg;jpeg;jpe;resx;tiff;tif;png;wav;mfcribbon-ms</Extensions>
    </Filter>
    <Filter Include="Resource Files\images">
      <UniqueIdentifier>{74b5cc5b-64c6-49ae-bd37-df9cb5a49298}</UniqueIdentifier>
    </Filter>
    <Filter Include="Resource Files\LUA Scripts">
      <UniqueIdentifier>{ece7ee55-da96-4f6d-af81-c02d9ef60668}</UniqueIdentifier>
    </Filter>
  </ItemGroup>
  <ItemGroup>
    <ClCompile Include="Game.cpp">
      <Filter>Source Files</Filter>
    </ClCompile>
    <ClCompile Include="Projectile.cpp">
      <Filter>Source Files</Filter>
    </ClCompile>
    <ClCompile Include="TimedProjectileSpawner.cpp">
      <Filter>Source Files</Filter>
    </ClCompile>
    <ClCompile Include="GameManager.cpp">
      <Filter>Source Files</Filter>
    </ClCompile>
    <ClCompile Include="Enemy.cpp">
      <Filter>Source Files</Filter>
    </ClCompile>
    <ClCompile Include="EnemySpawner.cpp">
      <Filter>Source Files</Filter>
    </ClCompile>
    <ClCompile Include="LuaProjectileMovement.cpp">
      <Filter>Source Files</Filter>
    </ClCompile>
  </ItemGroup>
  <ItemGroup>
    <ClInclude Include="Projectile.h">
      <Filter>Header Files</Filter>
    </ClInclude>
    <ClInclude Include="TimedProjectileSpawner.h">
      <Filter>Header Files</Filter>
    </ClInclude>
    <ClInclude Include="GameManager.h">
      <Filter>Header Files</Filter>
    </ClInclude>
    <ClInclude Include="Enemy.h">
      <Filter>Header Files</Filter>
    </ClInclude>
    <ClInclude Include="EnemySpawner.h">
      <Filter>Header Files</Filter>
    </ClInclude>
    <ClInclude Include="LuaProjectileMovement.h">
      <Filter>Header Files</Filter>
    </ClInclude>
    <ClInclude Include="IDamageable.h">
      <Filter>Header Files</Filter>
    </ClInclude>
  </ItemGroup>
  <ItemGroup>
    <None Include="config.yaml" />
    <None Include="res\vscode-debuggee.lua">
      <Filter>Resource Files\LUA Scripts</Filter>
    </None>
    <None Include="res\dkjson.lua">
      <Filter>Resource Files\LUA Scripts</Filter>
    </None>
  </ItemGroup>
  <ItemGroup>
    <Image Include="res\awesomeface.png">
      <Filter>Resource Files\images</Filter>
    </Image>
    <Image Include="res\container.jpg">
      <Filter>Resource Files\images</Filter>
    </Image>
    <Image Include="res\fireball.png">
      <Filter>Resource Files\images</Filter>
    </Image>
    <Image Include="res\SimonIdle.png">
      <Filter>Resource Files\images</Filter>
    </Image>
    <Image Include="res\bat.png">
      <Filter>Resource Files\images</Filter>
    </Image>
    <Image Include="res\skeleton.png">
      <Filter>Resource Files\images</Filter>
    </Image>
  </ItemGroup>
  <ItemGroup>
    <_EmbedManagedResourceFile Include="res\BouncyProjectile.lua">
      <Filter>Resource Files\LUA Scripts</Filter>
    </_EmbedManagedResourceFile>
  </ItemGroup>
</Project>